
Microsoft Visual Studio Solution File, Format Version 12.00
# Visual Studio 15
VisualStudioVersion = 15.0.28010.2050
MinimumVisualStudioVersion = 10.0.40219.1
Project("{FAE04EC0-301F-11D3-BF4B-00C04F79EFBC}") = "GymBL", "GymGUI\GymBL\GymBL.csproj", "{89D1096D-6E3D-492A-B38F-A0CCAD0D4032}"
EndProject
Project("{FAE04EC0-301F-11D3-BF4B-00C04F79EFBC}") = "GymClient", "GymClient\GymClient.csproj", "{1821104D-C329-4615-AD5B-9587E1CFD887}"
EndProject
Project("{FAE04EC0-301F-11D3-BF4B-00C04F79EFBC}") = "TestGym", "TestGym\TestGym.csproj", "{AA907B7F-B092-42EA-94E3-267853AFF450}"
EndProject
Global
	GlobalSection(SolutionConfigurationPlatforms) = preSolution
		Debug|Any CPU = Debug|Any CPU
		Release|Any CPU = Release|Any CPU
	EndGlobalSection
	GlobalSection(ProjectConfigurationPlatforms) = postSolution
		{89D1096D-6E3D-492A-B38F-A0CCAD0D4032}.Debug|Any CPU.ActiveCfg = Debug|Any CPU
		{89D1096D-6E3D-492A-B38F-A0CCAD0D4032}.Debug|Any CPU.Build.0 = Debug|Any CPU
		{89D1096D-6E3D-492A-B38F-A0CCAD0D4032}.Release|Any CPU.ActiveCfg = Release|Any CPU
		{89D1096D-6E3D-492A-B38F-A0CCAD0D4032}.Release|Any CPU.Build.0 = Release|Any CPU
		{1821104D-C329-4615-AD5B-9587E1CFD887}.Debug|Any CPU.ActiveCfg = Debug|Any CPU
		{1821104D-C329-4615-AD5B-9587E1CFD887}.Debug|Any CPU.Build.0 = Debug|Any CPU
		{1821104D-C329-4615-AD5B-9587E1CFD887}.Release|Any CPU.ActiveCfg = Release|Any CPU
		{1821104D-C329-4615-AD5B-9587E1CFD887}.Release|Any CPU.Build.0 = Release|Any CPU
		{AA907B7F-B092-42EA-94E3-267853AFF450}.Debug|Any CPU.ActiveCfg = Debug|Any CPU
		{AA907B7F-B092-42EA-94E3-267853AFF450}.Debug|Any CPU.Build.0 = Debug|Any CPU
		{AA907B7F-B092-42EA-94E3-267853AFF450}.Release|Any CPU.ActiveCfg = Release|Any CPU
		{AA907B7F-B092-42EA-94E3-267853AFF450}.Release|Any CPU.Build.0 = Release|Any CPU
	EndGlobalSection
	GlobalSection(SolutionProperties) = preSolution
		HideSolutionNode = FALSE
	EndGlobalSection
	GlobalSection(ExtensibilityGlobals) = postSolution
		SolutionGuid = {1F343BE9-660C-4D9C-B491-E4FB7DEBAFD2}
	EndGlobalSection
EndGlobal
