
Microsoft Visual Studio Solution File, Format Version 12.00
# Visual Studio 15
VisualStudioVersion = 15.0.28010.2050
MinimumVisualStudioVersion = 10.0.40219.1
Project("{FAE04EC0-301F-11D3-BF4B-00C04F79EFBC}") = "GymGUI", "GymGUI\GymGUI.csproj", "{00577DE8-A939-46EA-BAC8-E8B121962178}"
EndProject
Project("{FAE04EC0-301F-11D3-BF4B-00C04F79EFBC}") = "GymBL", "GymGUI\GymBL\GymBL.csproj", "{89D1096D-6E3D-492A-B38F-A0CCAD0D4032}"
EndProject
Project("{FAE04EC0-301F-11D3-BF4B-00C04F79EFBC}") = "GymDAL", "GymDAL\GymDAL.csproj", "{2FD63A99-558B-4B04-A855-37FDF7E8E642}"
EndProject
Project("{FAE04EC0-301F-11D3-BF4B-00C04F79EFBC}") = "GymClient", "GymClient\GymClient.csproj", "{1821104D-C329-4615-AD5B-9587E1CFD887}"
EndProject
Project("{FAE04EC0-301F-11D3-BF4B-00C04F79EFBC}") = "Test", "Test\Test.csproj", "{BE92C6E6-8C1D-4E48-A124-C085C7CAC2FA}"
EndProject
Global
	GlobalSection(SolutionConfigurationPlatforms) = preSolution
		Debug|Any CPU = Debug|Any CPU
		Release|Any CPU = Release|Any CPU
	EndGlobalSection
	GlobalSection(ProjectConfigurationPlatforms) = postSolution
		{00577DE8-A939-46EA-BAC8-E8B121962178}.Debug|Any CPU.ActiveCfg = Debug|Any CPU
		{00577DE8-A939-46EA-BAC8-E8B121962178}.Debug|Any CPU.Build.0 = Debug|Any CPU
		{00577DE8-A939-46EA-BAC8-E8B121962178}.Release|Any CPU.ActiveCfg = Release|Any CPU
		{00577DE8-A939-46EA-BAC8-E8B121962178}.Release|Any CPU.Build.0 = Release|Any CPU
		{89D1096D-6E3D-492A-B38F-A0CCAD0D4032}.Debug|Any CPU.ActiveCfg = Debug|Any CPU
		{89D1096D-6E3D-492A-B38F-A0CCAD0D4032}.Debug|Any CPU.Build.0 = Debug|Any CPU
		{89D1096D-6E3D-492A-B38F-A0CCAD0D4032}.Release|Any CPU.ActiveCfg = Release|Any CPU
		{89D1096D-6E3D-492A-B38F-A0CCAD0D4032}.Release|Any CPU.Build.0 = Release|Any CPU
		{2FD63A99-558B-4B04-A855-37FDF7E8E642}.Debug|Any CPU.ActiveCfg = Debug|Any CPU
		{2FD63A99-558B-4B04-A855-37FDF7E8E642}.Debug|Any CPU.Build.0 = Debug|Any CPU
		{2FD63A99-558B-4B04-A855-37FDF7E8E642}.Release|Any CPU.ActiveCfg = Release|Any CPU
		{2FD63A99-558B-4B04-A855-37FDF7E8E642}.Release|Any CPU.Build.0 = Release|Any CPU
		{1821104D-C329-4615-AD5B-9587E1CFD887}.Debug|Any CPU.ActiveCfg = Debug|Any CPU
		{1821104D-C329-4615-AD5B-9587E1CFD887}.Debug|Any CPU.Build.0 = Debug|Any CPU
		{1821104D-C329-4615-AD5B-9587E1CFD887}.Release|Any CPU.ActiveCfg = Release|Any CPU
		{1821104D-C329-4615-AD5B-9587E1CFD887}.Release|Any CPU.Build.0 = Release|Any CPU
		{BE92C6E6-8C1D-4E48-A124-C085C7CAC2FA}.Debug|Any CPU.ActiveCfg = Debug|Any CPU
		{BE92C6E6-8C1D-4E48-A124-C085C7CAC2FA}.Debug|Any CPU.Build.0 = Debug|Any CPU
		{BE92C6E6-8C1D-4E48-A124-C085C7CAC2FA}.Release|Any CPU.ActiveCfg = Release|Any CPU
		{BE92C6E6-8C1D-4E48-A124-C085C7CAC2FA}.Release|Any CPU.Build.0 = Release|Any CPU
	EndGlobalSection
	GlobalSection(SolutionProperties) = preSolution
		HideSolutionNode = FALSE
	EndGlobalSection
	GlobalSection(ExtensibilityGlobals) = postSolution
		SolutionGuid = {1F343BE9-660C-4D9C-B491-E4FB7DEBAFD2}
	EndGlobalSection
EndGlobal
